
Microsoft Visual Studio Solution File, Format Version 12.00
# Visual Studio 15
VisualStudioVersion = 15.0.28010.2048
MinimumVisualStudioVersion = 10.0.40219.1
Project("{8BC9CEB8-8B4A-11D0-8D11-00A0C91BC942}") = "SinglyList", "SinglyList\SinglyList.vcxproj", "{C977897F-EA9C-4DF5-931C-8C954E519B1F}"
EndProject
Global
	GlobalSection(SolutionConfigurationPlatforms) = preSolution
		Debug|x64 = Debug|x64
		Debug|x86 = Debug|x86
		Release|x64 = Release|x64
		Release|x86 = Release|x86
	EndGlobalSection
	GlobalSection(ProjectConfigurationPlatforms) = postSolution
		{C977897F-EA9C-4DF5-931C-8C954E519B1F}.Debug|x64.ActiveCfg = Debug|x64
		{C977897F-EA9C-4DF5-931C-8C954E519B1F}.Debug|x64.Build.0 = Debug|x64
		{C977897F-EA9C-4DF5-931C-8C954E519B1F}.Debug|x86.ActiveCfg = Debug|Win32
		{C977897F-EA9C-4DF5-931C-8C954E519B1F}.Debug|x86.Build.0 = Debug|Win32
		{C977897F-EA9C-4DF5-931C-8C954E519B1F}.Release|x64.ActiveCfg = Release|x64
		{C977897F-EA9C-4DF5-931C-8C954E519B1F}.Release|x64.Build.0 = Release|x64
		{C977897F-EA9C-4DF5-931C-8C954E519B1F}.Release|x86.ActiveCfg = Release|Win32
		{C977897F-EA9C-4DF5-931C-8C954E519B1F}.Release|x86.Build.0 = Release|Win32
	EndGlobalSection
	GlobalSection(SolutionProperties) = preSolution
		HideSolutionNode = FALSE
	EndGlobalSection
	GlobalSection(ExtensibilityGlobals) = postSolution
		SolutionGuid = {5B21BA88-4CAD-4AE8-8EF6-0ADD31BB570A}
	EndGlobalSection
EndGlobal
